
Microsoft Visual Studio Solution File, Format Version 12.00
Project("{FAE04EC0-301F-11D3-BF4B-00C04F79EFBC}") = "Bank.Domain", "Bank.Domain\Bank.Domain.csproj", "{A02B8A05-0EB7-4843-A021-327E2AE97B84}"
EndProject
Global
	GlobalSection(SolutionConfigurationPlatforms) = preSolution
		Debug|Any CPU = Debug|Any CPU
		Release|Any CPU = Release|Any CPU
	EndGlobalSection
	GlobalSection(ProjectConfigurationPlatforms) = postSolution
		{A02B8A05-0EB7-4843-A021-327E2AE97B84}.Debug|Any CPU.ActiveCfg = Debug|Any CPU
		{A02B8A05-0EB7-4843-A021-327E2AE97B84}.Debug|Any CPU.Build.0 = Debug|Any CPU
		{A02B8A05-0EB7-4843-A021-327E2AE97B84}.Release|Any CPU.ActiveCfg = Release|Any CPU
		{A02B8A05-0EB7-4843-A021-327E2AE97B84}.Release|Any CPU.Build.0 = Release|Any CPU
	EndGlobalSection
EndGlobal
